
Microsoft Visual Studio Solution File, Format Version 12.00
# Visual Studio Version 16
VisualStudioVersion = 16.0.29102.190
MinimumVisualStudioVersion = 10.0.40219.1
Project("{FAE04EC0-301F-11D3-BF4B-00C04F79EFBC}") = "ChessDotNet.AI", "ChessDotNet.AI\ChessDotNet.AI.csproj", "{9891F99C-D441-42AC-A409-7CA384005A6C}"
EndProject
Project("{FAE04EC0-301F-11D3-BF4B-00C04F79EFBC}") = "ChessDotNet.AI.Test", "ChessDotNet.AI.Test\ChessDotNet.AI.Test.csproj", "{C328CA92-9A7D-4297-B852-E145A1C1BB4D}"
EndProject
Project("{FAE04EC0-301F-11D3-BF4B-00C04F79EFBC}") = "AutoChessPlayer", "AutoChessPlayer\AutoChessPlayer.csproj", "{B48EE8BB-C927-4B75-8776-0756D2F2B550}"
EndProject
Global
	GlobalSection(SolutionConfigurationPlatforms) = preSolution
		Debug|Any CPU = Debug|Any CPU
		Release|Any CPU = Release|Any CPU
	EndGlobalSection
	GlobalSection(ProjectConfigurationPlatforms) = postSolution
		{9891F99C-D441-42AC-A409-7CA384005A6C}.Debug|Any CPU.ActiveCfg = Debug|Any CPU
		{9891F99C-D441-42AC-A409-7CA384005A6C}.Debug|Any CPU.Build.0 = Debug|Any CPU
		{9891F99C-D441-42AC-A409-7CA384005A6C}.Release|Any CPU.ActiveCfg = Release|Any CPU
		{9891F99C-D441-42AC-A409-7CA384005A6C}.Release|Any CPU.Build.0 = Release|Any CPU
		{C328CA92-9A7D-4297-B852-E145A1C1BB4D}.Debug|Any CPU.ActiveCfg = Debug|Any CPU
		{C328CA92-9A7D-4297-B852-E145A1C1BB4D}.Debug|Any CPU.Build.0 = Debug|Any CPU
		{C328CA92-9A7D-4297-B852-E145A1C1BB4D}.Release|Any CPU.ActiveCfg = Release|Any CPU
		{C328CA92-9A7D-4297-B852-E145A1C1BB4D}.Release|Any CPU.Build.0 = Release|Any CPU
		{B48EE8BB-C927-4B75-8776-0756D2F2B550}.Debug|Any CPU.ActiveCfg = Debug|Any CPU
		{B48EE8BB-C927-4B75-8776-0756D2F2B550}.Debug|Any CPU.Build.0 = Debug|Any CPU
		{B48EE8BB-C927-4B75-8776-0756D2F2B550}.Release|Any CPU.ActiveCfg = Release|Any CPU
		{B48EE8BB-C927-4B75-8776-0756D2F2B550}.Release|Any CPU.Build.0 = Release|Any CPU
	EndGlobalSection
	GlobalSection(SolutionProperties) = preSolution
		HideSolutionNode = FALSE
	EndGlobalSection
	GlobalSection(ExtensibilityGlobals) = postSolution
		SolutionGuid = {C853CB96-5346-4673-B69C-D6545E3EBEC3}
	EndGlobalSection
EndGlobal
